// !$*UTF8*$!
{
	archiveVersion = 1;
	classes = {
	};
	objectVersion = 46;
	objects = {

/* Begin PBXBuildFile section */
		CB0B0AE61A8155E800D22A08 /* TaskPickerStrategy.swift in Sources */ = {isa = PBXBuildFile; fileRef = CB0B0AE51A8155E800D22A08 /* TaskPickerStrategy.swift */; };
		CB0B0AE71A8155E800D22A08 /* TaskPickerStrategy.swift in Sources */ = {isa = PBXBuildFile; fileRef = CB0B0AE51A8155E800D22A08 /* TaskPickerStrategy.swift */; };
		CB0B0AE91A8158D600D22A08 /* TimePoliceModel.swift in Sources */ = {isa = PBXBuildFile; fileRef = CB0B0AE81A8158D600D22A08 /* TimePoliceModel.swift */; };
		CB0B0AEA1A8158D600D22A08 /* TimePoliceModel.swift in Sources */ = {isa = PBXBuildFile; fileRef = CB0B0AE81A8158D600D22A08 /* TimePoliceModel.swift */; };
		CB0B0AEC1A815B0100D22A08 /* Utilities.swift in Sources */ = {isa = PBXBuildFile; fileRef = CB0B0AEB1A815B0100D22A08 /* Utilities.swift */; };
		CB0B0AED1A815B0100D22A08 /* Utilities.swift in Sources */ = {isa = PBXBuildFile; fileRef = CB0B0AEB1A815B0100D22A08 /* Utilities.swift */; };
		CB0B0AF21A8177DA00D22A08 /* TimePoliceViewController.swift in Sources */ = {isa = PBXBuildFile; fileRef = CB0B0AF11A8177DA00D22A08 /* TimePoliceViewController.swift */; };
		CB0B0AF31A8177DA00D22A08 /* TimePoliceViewController.swift in Sources */ = {isa = PBXBuildFile; fileRef = CB0B0AF11A8177DA00D22A08 /* TimePoliceViewController.swift */; };
		CB0F97011AAE26A900E92C05 /* TaskPickerEditWorkViewController.swift in Sources */ = {isa = PBXBuildFile; fileRef = CB0F97001AAE26A900E92C05 /* TaskPickerEditWorkViewController.swift */; };
		CB0F97021AAE2D5800E92C05 /* TaskPickerEditWorkViewController.swift in Sources */ = {isa = PBXBuildFile; fileRef = CB0F97001AAE26A900E92C05 /* TaskPickerEditWorkViewController.swift */; };
		CB3418771A0B4F580062C281 /* TaskPickerViewController.swift in Sources */ = {isa = PBXBuildFile; fileRef = CBD182BF1A08AAD2007BA9F7 /* TaskPickerViewController.swift */; };
		CB623C0D1A7ED728004AE917 /* TaskPickerTheme.swift in Sources */ = {isa = PBXBuildFile; fileRef = CB623C0C1A7ED728004AE917 /* TaskPickerTheme.swift */; };
		CB623C0E1A7ED728004AE917 /* TaskPickerTheme.swift in Sources */ = {isa = PBXBuildFile; fileRef = CB623C0C1A7ED728004AE917 /* TaskPickerTheme.swift */; };
		CB623C101A7ED7A9004AE917 /* TaskPickerLayout.swift in Sources */ = {isa = PBXBuildFile; fileRef = CB623C0F1A7ED7A9004AE917 /* TaskPickerLayout.swift */; };
		CB623C111A7ED7A9004AE917 /* TaskPickerLayout.swift in Sources */ = {isa = PBXBuildFile; fileRef = CB623C0F1A7ED7A9004AE917 /* TaskPickerLayout.swift */; };
		CBD182BE1A08AAD2007BA9F7 /* AppDelegate.swift in Sources */ = {isa = PBXBuildFile; fileRef = CBD182BD1A08AAD2007BA9F7 /* AppDelegate.swift */; };
		CBD182C01A08AAD2007BA9F7 /* TaskPickerViewController.swift in Sources */ = {isa = PBXBuildFile; fileRef = CBD182BF1A08AAD2007BA9F7 /* TaskPickerViewController.swift */; };
		CBD182C31A08AAD2007BA9F7 /* Main.storyboard in Resources */ = {isa = PBXBuildFile; fileRef = CBD182C11A08AAD2007BA9F7 /* Main.storyboard */; };
		CBD182C51A08AAD2007BA9F7 /* Images.xcassets in Resources */ = {isa = PBXBuildFile; fileRef = CBD182C41A08AAD2007BA9F7 /* Images.xcassets */; };
		CBD182C81A08AAD2007BA9F7 /* LaunchScreen.xib in Resources */ = {isa = PBXBuildFile; fileRef = CBD182C61A08AAD2007BA9F7 /* LaunchScreen.xib */; };
		CBD182D41A08AAD2007BA9F7 /* TimePoliceTests.swift in Sources */ = {isa = PBXBuildFile; fileRef = CBD182D31A08AAD2007BA9F7 /* TimePoliceTests.swift */; };
		CBDBCE4E1A88273B00E33072 /* TimePolice.xcdatamodeld in Sources */ = {isa = PBXBuildFile; fileRef = CBDBCE4C1A88273B00E33072 /* TimePolice.xcdatamodeld */; };
		CBDBCE541A88312100E33072 /* AppDelegate.swift in Sources */ = {isa = PBXBuildFile; fileRef = CBD182BD1A08AAD2007BA9F7 /* AppDelegate.swift */; };
/* End PBXBuildFile section */

/* Begin PBXContainerItemProxy section */
		CBD182CE1A08AAD2007BA9F7 /* PBXContainerItemProxy */ = {
			isa = PBXContainerItemProxy;
			containerPortal = CBD182B01A08AAD2007BA9F7 /* Project object */;
			proxyType = 1;
			remoteGlobalIDString = CBD182B71A08AAD2007BA9F7;
			remoteInfo = TimePolice;
		};
/* End PBXContainerItemProxy section */

/* Begin PBXFileReference section */
		CB0B0AE51A8155E800D22A08 /* TaskPickerStrategy.swift */ = {isa = PBXFileReference; fileEncoding = 4; lastKnownFileType = sourcecode.swift; path = TaskPickerStrategy.swift; sourceTree = "<group>"; };
		CB0B0AE81A8158D600D22A08 /* TimePoliceModel.swift */ = {isa = PBXFileReference; fileEncoding = 4; lastKnownFileType = sourcecode.swift; path = TimePoliceModel.swift; sourceTree = "<group>"; };
		CB0B0AEB1A815B0100D22A08 /* Utilities.swift */ = {isa = PBXFileReference; fileEncoding = 4; lastKnownFileType = sourcecode.swift; path = Utilities.swift; sourceTree = "<group>"; };
		CB0B0AF11A8177DA00D22A08 /* TimePoliceViewController.swift */ = {isa = PBXFileReference; fileEncoding = 4; lastKnownFileType = sourcecode.swift; path = TimePoliceViewController.swift; sourceTree = "<group>"; };
		CB0F97001AAE26A900E92C05 /* TaskPickerEditWorkViewController.swift */ = {isa = PBXFileReference; fileEncoding = 4; lastKnownFileType = sourcecode.swift; path = TaskPickerEditWorkViewController.swift; sourceTree = "<group>"; };
		CB623C0C1A7ED728004AE917 /* TaskPickerTheme.swift */ = {isa = PBXFileReference; fileEncoding = 4; lastKnownFileType = sourcecode.swift; path = TaskPickerTheme.swift; sourceTree = "<group>"; };
		CB623C0F1A7ED7A9004AE917 /* TaskPickerLayout.swift */ = {isa = PBXFileReference; fileEncoding = 4; lastKnownFileType = sourcecode.swift; path = TaskPickerLayout.swift; sourceTree = "<group>"; };
		CBD182B81A08AAD2007BA9F7 /* TimePolice.app */ = {isa = PBXFileReference; explicitFileType = wrapper.application; includeInIndex = 0; path = TimePolice.app; sourceTree = BUILT_PRODUCTS_DIR; };
		CBD182BC1A08AAD2007BA9F7 /* Info.plist */ = {isa = PBXFileReference; lastKnownFileType = text.plist.xml; path = Info.plist; sourceTree = "<group>"; };
		CBD182BD1A08AAD2007BA9F7 /* AppDelegate.swift */ = {isa = PBXFileReference; lastKnownFileType = sourcecode.swift; path = AppDelegate.swift; sourceTree = "<group>"; };
		CBD182BF1A08AAD2007BA9F7 /* TaskPickerViewController.swift */ = {isa = PBXFileReference; lastKnownFileType = sourcecode.swift; path = TaskPickerViewController.swift; sourceTree = "<group>"; };
		CBD182C21A08AAD2007BA9F7 /* Base */ = {isa = PBXFileReference; lastKnownFileType = file.storyboard; name = Base; path = Base.lproj/Main.storyboard; sourceTree = "<group>"; };
		CBD182C41A08AAD2007BA9F7 /* Images.xcassets */ = {isa = PBXFileReference; lastKnownFileType = folder.assetcatalog; path = Images.xcassets; sourceTree = "<group>"; };
		CBD182C71A08AAD2007BA9F7 /* Base */ = {isa = PBXFileReference; lastKnownFileType = file.xib; name = Base; path = Base.lproj/LaunchScreen.xib; sourceTree = "<group>"; };
		CBD182CD1A08AAD2007BA9F7 /* TimePoliceTests.xctest */ = {isa = PBXFileReference; explicitFileType = wrapper.cfbundle; includeInIndex = 0; path = TimePoliceTests.xctest; sourceTree = BUILT_PRODUCTS_DIR; };
		CBD182D21A08AAD2007BA9F7 /* Info.plist */ = {isa = PBXFileReference; lastKnownFileType = text.plist.xml; path = Info.plist; sourceTree = "<group>"; };
		CBD182D31A08AAD2007BA9F7 /* TimePoliceTests.swift */ = {isa = PBXFileReference; lastKnownFileType = sourcecode.swift; path = TimePoliceTests.swift; sourceTree = "<group>"; };
		CBDA2E601A4019FB00F5C568 /* bug.png */ = {isa = PBXFileReference; lastKnownFileType = image.png; path = bug.png; sourceTree = "<group>"; };
		CBDBCE4D1A88273B00E33072 /* TimePolice.xcdatamodel */ = {isa = PBXFileReference; lastKnownFileType = wrapper.xcdatamodel; path = TimePolice.xcdatamodel; sourceTree = "<group>"; };
/* End PBXFileReference section */

/* Begin PBXFrameworksBuildPhase section */
		CBD182B51A08AAD2007BA9F7 /* Frameworks */ = {
			isa = PBXFrameworksBuildPhase;
			buildActionMask = 2147483647;
			files = (
			);
			runOnlyForDeploymentPostprocessing = 0;
		};
		CBD182CA1A08AAD2007BA9F7 /* Frameworks */ = {
			isa = PBXFrameworksBuildPhase;
			buildActionMask = 2147483647;
			files = (
			);
			runOnlyForDeploymentPostprocessing = 0;
		};
/* End PBXFrameworksBuildPhase section */

/* Begin PBXGroup section */
		CBD182AF1A08AAD2007BA9F7 = {
			isa = PBXGroup;
			children = (
				CBDA2E5F1A4019CC00F5C568 /* Media */,
				CBD182BA1A08AAD2007BA9F7 /* TimePolice */,
				CBD182D01A08AAD2007BA9F7 /* TimePoliceTests */,
				CBD182B91A08AAD2007BA9F7 /* Products */,
			);
			sourceTree = "<group>";
		};
		CBD182B91A08AAD2007BA9F7 /* Products */ = {
			isa = PBXGroup;
			children = (
				CBD182B81A08AAD2007BA9F7 /* TimePolice.app */,
				CBD182CD1A08AAD2007BA9F7 /* TimePoliceTests.xctest */,
			);
			name = Products;
			sourceTree = "<group>";
		};
		CBD182BA1A08AAD2007BA9F7 /* TimePolice */ = {
			isa = PBXGroup;
			children = (
				CBD182BD1A08AAD2007BA9F7 /* AppDelegate.swift */,
				CBDBCE4C1A88273B00E33072 /* TimePolice.xcdatamodeld */,
				CBDBCE531A8828DB00E33072 /* Model */,
				CBD182BF1A08AAD2007BA9F7 /* TaskPickerViewController.swift */,
				CB623C0C1A7ED728004AE917 /* TaskPickerTheme.swift */,
				CB0B0AE51A8155E800D22A08 /* TaskPickerStrategy.swift */,
				CB623C0F1A7ED7A9004AE917 /* TaskPickerLayout.swift */,
				CBD182C11A08AAD2007BA9F7 /* Main.storyboard */,
				CB0F97001AAE26A900E92C05 /* TaskPickerEditWorkViewController.swift */,
				CB0B0AF11A8177DA00D22A08 /* TimePoliceViewController.swift */,
				CB0B0AEB1A815B0100D22A08 /* Utilities.swift */,
				CBD182C41A08AAD2007BA9F7 /* Images.xcassets */,
				CBD182C61A08AAD2007BA9F7 /* LaunchScreen.xib */,
				CBD182BB1A08AAD2007BA9F7 /* Supporting Files */,
			);
			path = TimePolice;
			sourceTree = "<group>";
		};
		CBD182BB1A08AAD2007BA9F7 /* Supporting Files */ = {
			isa = PBXGroup;
			children = (
				CBD182BC1A08AAD2007BA9F7 /* Info.plist */,
			);
			name = "Supporting Files";
			sourceTree = "<group>";
		};
		CBD182D01A08AAD2007BA9F7 /* TimePoliceTests */ = {
			isa = PBXGroup;
			children = (
				CBD182D31A08AAD2007BA9F7 /* TimePoliceTests.swift */,
				CBD182D11A08AAD2007BA9F7 /* Supporting Files */,
			);
			path = TimePoliceTests;
			sourceTree = "<group>";
		};
		CBD182D11A08AAD2007BA9F7 /* Supporting Files */ = {
			isa = PBXGroup;
			children = (
				CBD182D21A08AAD2007BA9F7 /* Info.plist */,
			);
			name = "Supporting Files";
			sourceTree = "<group>";
		};
		CBDA2E5F1A4019CC00F5C568 /* Media */ = {
			isa = PBXGroup;
			children = (
				CBDA2E601A4019FB00F5C568 /* bug.png */,
			);
			path = Media;
			sourceTree = "<group>";
		};
		CBDBCE531A8828DB00E33072 /* Model */ = {
			isa = PBXGroup;
			children = (
				CB0B0AE81A8158D600D22A08 /* TimePoliceModel.swift */,
			);
			name = Model;
			sourceTree = "<group>";
		};
/* End PBXGroup section */

/* Begin PBXNativeTarget section */
		CBD182B71A08AAD2007BA9F7 /* TimePolice */ = {
			isa = PBXNativeTarget;
			buildConfigurationList = CBD182D71A08AAD2007BA9F7 /* Build configuration list for PBXNativeTarget "TimePolice" */;
			buildPhases = (
				CBD182B41A08AAD2007BA9F7 /* Sources */,
				CBD182B51A08AAD2007BA9F7 /* Frameworks */,
				CBD182B61A08AAD2007BA9F7 /* Resources */,
			);
			buildRules = (
			);
			dependencies = (
			);
			name = TimePolice;
			productName = TimePolice;
			productReference = CBD182B81A08AAD2007BA9F7 /* TimePolice.app */;
			productType = "com.apple.product-type.application";
		};
		CBD182CC1A08AAD2007BA9F7 /* TimePoliceTests */ = {
			isa = PBXNativeTarget;
			buildConfigurationList = CBD182DA1A08AAD2007BA9F7 /* Build configuration list for PBXNativeTarget "TimePoliceTests" */;
			buildPhases = (
				CBD182C91A08AAD2007BA9F7 /* Sources */,
				CBD182CA1A08AAD2007BA9F7 /* Frameworks */,
				CBD182CB1A08AAD2007BA9F7 /* Resources */,
			);
			buildRules = (
			);
			dependencies = (
				CBD182CF1A08AAD2007BA9F7 /* PBXTargetDependency */,
			);
			name = TimePoliceTests;
			productName = TimePoliceTests;
			productReference = CBD182CD1A08AAD2007BA9F7 /* TimePoliceTests.xctest */;
			productType = "com.apple.product-type.bundle.unit-test";
		};
/* End PBXNativeTarget section */

/* Begin PBXProject section */
		CBD182B01A08AAD2007BA9F7 /* Project object */ = {
			isa = PBXProject;
			attributes = {
				LastUpgradeCheck = 0610;
				ORGANIZATIONNAME = "Per Ekskog";
				TargetAttributes = {
					CBD182B71A08AAD2007BA9F7 = {
						CreatedOnToolsVersion = 6.1;
						DevelopmentTeam = EM6H3CE23M;
					};
					CBD182CC1A08AAD2007BA9F7 = {
						CreatedOnToolsVersion = 6.1;
						TestTargetID = CBD182B71A08AAD2007BA9F7;
					};
				};
			};
			buildConfigurationList = CBD182B31A08AAD2007BA9F7 /* Build configuration list for PBXProject "TimePolice" */;
			compatibilityVersion = "Xcode 3.2";
			developmentRegion = English;
			hasScannedForEncodings = 0;
			knownRegions = (
				en,
				Base,
			);
			mainGroup = CBD182AF1A08AAD2007BA9F7;
			productRefGroup = CBD182B91A08AAD2007BA9F7 /* Products */;
			projectDirPath = "";
			projectRoot = "";
			targets = (
				CBD182B71A08AAD2007BA9F7 /* TimePolice */,
				CBD182CC1A08AAD2007BA9F7 /* TimePoliceTests */,
			);
		};
/* End PBXProject section */

/* Begin PBXResourcesBuildPhase section */
		CBD182B61A08AAD2007BA9F7 /* Resources */ = {
			isa = PBXResourcesBuildPhase;
			buildActionMask = 2147483647;
			files = (
				CBD182C31A08AAD2007BA9F7 /* Main.storyboard in Resources */,
				CBD182C81A08AAD2007BA9F7 /* LaunchScreen.xib in Resources */,
				CBD182C51A08AAD2007BA9F7 /* Images.xcassets in Resources */,
			);
			runOnlyForDeploymentPostprocessing = 0;
		};
		CBD182CB1A08AAD2007BA9F7 /* Resources */ = {
			isa = PBXResourcesBuildPhase;
			buildActionMask = 2147483647;
			files = (
			);
			runOnlyForDeploymentPostprocessing = 0;
		};
/* End PBXResourcesBuildPhase section */

/* Begin PBXSourcesBuildPhase section */
		CBD182B41A08AAD2007BA9F7 /* Sources */ = {
			isa = PBXSourcesBuildPhase;
			buildActionMask = 2147483647;
			files = (
				CB0B0AE61A8155E800D22A08 /* TaskPickerStrategy.swift in Sources */,
				CBD182C01A08AAD2007BA9F7 /* TaskPickerViewController.swift in Sources */,
				CB0B0AEC1A815B0100D22A08 /* Utilities.swift in Sources */,
				CBDBCE4E1A88273B00E33072 /* TimePolice.xcdatamodeld in Sources */,
				CB0B0AF21A8177DA00D22A08 /* TimePoliceViewController.swift in Sources */,
				CB0B0AE91A8158D600D22A08 /* TimePoliceModel.swift in Sources */,
				CB623C101A7ED7A9004AE917 /* TaskPickerLayout.swift in Sources */,
				CB0F97011AAE26A900E92C05 /* TaskPickerEditWorkViewController.swift in Sources */,
				CB623C0D1A7ED728004AE917 /* TaskPickerTheme.swift in Sources */,
				CBD182BE1A08AAD2007BA9F7 /* AppDelegate.swift in Sources */,
			);
			runOnlyForDeploymentPostprocessing = 0;
		};
		CBD182C91A08AAD2007BA9F7 /* Sources */ = {
			isa = PBXSourcesBuildPhase;
			buildActionMask = 2147483647;
			files = (
				CB0B0AE71A8155E800D22A08 /* TaskPickerStrategy.swift in Sources */,
				CB3418771A0B4F580062C281 /* TaskPickerViewController.swift in Sources */,
				CB0B0AED1A815B0100D22A08 /* Utilities.swift in Sources */,
				CBDBCE541A88312100E33072 /* AppDelegate.swift in Sources */,
				CB0B0AF31A8177DA00D22A08 /* TimePoliceViewController.swift in Sources */,
				CB0B0AEA1A8158D600D22A08 /* TimePoliceModel.swift in Sources */,
				CB623C111A7ED7A9004AE917 /* TaskPickerLayout.swift in Sources */,
				CB0F97021AAE2D5800E92C05 /* TaskPickerEditWorkViewController.swift in Sources */,
				CB623C0E1A7ED728004AE917 /* TaskPickerTheme.swift in Sources */,
				CBD182D41A08AAD2007BA9F7 /* TimePoliceTests.swift in Sources */,
			);
			runOnlyForDeploymentPostprocessing = 0;
		};
/* End PBXSourcesBuildPhase section */

/* Begin PBXTargetDependency section */
		CBD182CF1A08AAD2007BA9F7 /* PBXTargetDependency */ = {
			isa = PBXTargetDependency;
			target = CBD182B71A08AAD2007BA9F7 /* TimePolice */;
			targetProxy = CBD182CE1A08AAD2007BA9F7 /* PBXContainerItemProxy */;
		};
/* End PBXTargetDependency section */

/* Begin PBXVariantGroup section */
		CBD182C11A08AAD2007BA9F7 /* Main.storyboard */ = {
			isa = PBXVariantGroup;
			children = (
				CBD182C21A08AAD2007BA9F7 /* Base */,
			);
			name = Main.storyboard;
			sourceTree = "<group>";
		};
		CBD182C61A08AAD2007BA9F7 /* LaunchScreen.xib */ = {
			isa = PBXVariantGroup;
			children = (
				CBD182C71A08AAD2007BA9F7 /* Base */,
			);
			name = LaunchScreen.xib;
			sourceTree = "<group>";
		};
/* End PBXVariantGroup section */

/* Begin XCBuildConfiguration section */
		CBD182D51A08AAD2007BA9F7 /* Debug */ = {
			isa = XCBuildConfiguration;
			buildSettings = {
				ALWAYS_SEARCH_USER_PATHS = NO;
				CLANG_CXX_LANGUAGE_STANDARD = "gnu++0x";
				CLANG_CXX_LIBRARY = "libc++";
				CLANG_ENABLE_MODULES = YES;
				CLANG_ENABLE_OBJC_ARC = YES;
				CLANG_WARN_BOOL_CONVERSION = YES;
				CLANG_WARN_CONSTANT_CONVERSION = YES;
				CLANG_WARN_DIRECT_OBJC_ISA_USAGE = YES_ERROR;
				CLANG_WARN_EMPTY_BODY = YES;
				CLANG_WARN_ENUM_CONVERSION = YES;
				CLANG_WARN_INT_CONVERSION = YES;
				CLANG_WARN_OBJC_ROOT_CLASS = YES_ERROR;
				CLANG_WARN_UNREACHABLE_CODE = YES;
				CLANG_WARN__DUPLICATE_METHOD_MATCH = YES;
				"CODE_SIGN_IDENTITY[sdk=iphoneos*]" = "iPhone Developer";
				COPY_PHASE_STRIP = NO;
				ENABLE_STRICT_OBJC_MSGSEND = YES;
				GCC_C_LANGUAGE_STANDARD = gnu99;
				GCC_DYNAMIC_NO_PIC = NO;
				GCC_OPTIMIZATION_LEVEL = 0;
				GCC_PREPROCESSOR_DEFINITIONS = (
					"DEBUG=1",
					"$(inherited)",
				);
				GCC_SYMBOLS_PRIVATE_EXTERN = NO;
				GCC_WARN_64_TO_32_BIT_CONVERSION = YES;
				GCC_WARN_ABOUT_RETURN_TYPE = YES_ERROR;
				GCC_WARN_UNDECLARED_SELECTOR = YES;
				GCC_WARN_UNINITIALIZED_AUTOS = YES_AGGRESSIVE;
				GCC_WARN_UNUSED_FUNCTION = YES;
				GCC_WARN_UNUSED_VARIABLE = YES;
				IPHONEOS_DEPLOYMENT_TARGET = 8.1;
				MTL_ENABLE_DEBUG_INFO = YES;
				ONLY_ACTIVE_ARCH = YES;
				SDKROOT = iphoneos;
				SWIFT_OPTIMIZATION_LEVEL = "-Onone";
			};
			name = Debug;
		};
		CBD182D61A08AAD2007BA9F7 /* Release */ = {
			isa = XCBuildConfiguration;
			buildSettings = {
				ALWAYS_SEARCH_USER_PATHS = NO;
				CLANG_CXX_LANGUAGE_STANDARD = "gnu++0x";
				CLANG_CXX_LIBRARY = "libc++";
				CLANG_ENABLE_MODULES = YES;
				CLANG_ENABLE_OBJC_ARC = YES;
				CLANG_WARN_BOOL_CONVERSION = YES;
				CLANG_WARN_CONSTANT_CONVERSION = YES;
				CLANG_WARN_DIRECT_OBJC_ISA_USAGE = YES_ERROR;
				CLANG_WARN_EMPTY_BODY = YES;
				CLANG_WARN_ENUM_CONVERSION = YES;
				CLANG_WARN_INT_CONVERSION = YES;
				CLANG_WARN_OBJC_ROOT_CLASS = YES_ERROR;
				CLANG_WARN_UNREACHABLE_CODE = YES;
				CLANG_WARN__DUPLICATE_METHOD_MATCH = YES;
				"CODE_SIGN_IDENTITY[sdk=iphoneos*]" = "iPhone Developer";
				COPY_PHASE_STRIP = YES;
				ENABLE_NS_ASSERTIONS = NO;
				ENABLE_STRICT_OBJC_MSGSEND = YES;
				GCC_C_LANGUAGE_STANDARD = gnu99;
				GCC_WARN_64_TO_32_BIT_CONVERSION = YES;
				GCC_WARN_ABOUT_RETURN_TYPE = YES_ERROR;
				GCC_WARN_UNDECLARED_SELECTOR = YES;
				GCC_WARN_UNINITIALIZED_AUTOS = YES_AGGRESSIVE;
				GCC_WARN_UNUSED_FUNCTION = YES;
				GCC_WARN_UNUSED_VARIABLE = YES;
				IPHONEOS_DEPLOYMENT_TARGET = 8.1;
				MTL_ENABLE_DEBUG_INFO = NO;
				SDKROOT = iphoneos;
				VALIDATE_PRODUCT = YES;
			};
			name = Release;
		};
		CBD182D81A08AAD2007BA9F7 /* Debug */ = {
			isa = XCBuildConfiguration;
			buildSettings = {
				ASSETCATALOG_COMPILER_APPICON_NAME = AppIcon;
				CODE_SIGN_IDENTITY = "iPhone Developer";
				"CODE_SIGN_IDENTITY[sdk=iphoneos*]" = "iPhone Developer";
				INFOPLIST_FILE = TimePolice/Info.plist;
				IPHONEOS_DEPLOYMENT_TARGET = 8.3;
				LD_RUNPATH_SEARCH_PATHS = "$(inherited) @executable_path/Frameworks";
				PRODUCT_NAME = "$(TARGET_NAME)";
				PROVISIONING_PROFILE = "";
				TARGETED_DEVICE_FAMILY = "1,2";
			};
			name = Debug;
		};
		CBD182D91A08AAD2007BA9F7 /* Release */ = {
			isa = XCBuildConfiguration;
			buildSettings = {
				ASSETCATALOG_COMPILER_APPICON_NAME = AppIcon;
				CODE_SIGN_IDENTITY = "iPhone Developer";
				"CODE_SIGN_IDENTITY[sdk=iphoneos*]" = "iPhone Developer";
				INFOPLIST_FILE = TimePolice/Info.plist;
				IPHONEOS_DEPLOYMENT_TARGET = 8.3;
				LD_RUNPATH_SEARCH_PATHS = "$(inherited) @executable_path/Frameworks";
				PRODUCT_NAME = "$(TARGET_NAME)";
				PROVISIONING_PROFILE = "";
				TARGETED_DEVICE_FAMILY = "1,2";
			};
			name = Release;
		};
		CBD182DB1A08AAD2007BA9F7 /* Debug */ = {
			isa = XCBuildConfiguration;
			buildSettings = {
				BUNDLE_LOADER = "$(TEST_HOST)";
				FRAMEWORK_SEARCH_PATHS = (
					"$(SDKROOT)/Developer/Library/Frameworks",
					"$(inherited)",
				);
				GCC_PREPROCESSOR_DEFINITIONS = (
					"DEBUG=1",
					"$(inherited)",
				);
				INFOPLIST_FILE = TimePoliceTests/Info.plist;
				LD_RUNPATH_SEARCH_PATHS = "$(inherited) @executable_path/Frameworks @loader_path/Frameworks";
				PRODUCT_NAME = "$(TARGET_NAME)";
				TEST_HOST = "$(BUILT_PRODUCTS_DIR)/TimePolice.app/TimePolice";
			};
			name = Debug;
		};
		CBD182DC1A08AAD2007BA9F7 /* Release */ = {
			isa = XCBuildConfiguration;
			buildSettings = {
				BUNDLE_LOADER = "$(TEST_HOST)";
				FRAMEWORK_SEARCH_PATHS = (
					"$(SDKROOT)/Developer/Library/Frameworks",
					"$(inherited)",
				);
				INFOPLIST_FILE = TimePoliceTests/Info.plist;
				LD_RUNPATH_SEARCH_PATHS = "$(inherited) @executable_path/Frameworks @loader_path/Frameworks";
				PRODUCT_NAME = "$(TARGET_NAME)";
				TEST_HOST = "$(BUILT_PRODUCTS_DIR)/TimePolice.app/TimePolice";
			};
			name = Release;
		};
/* End XCBuildConfiguration section */

/* Begin XCConfigurationList section */
		CBD182B31A08AAD2007BA9F7 /* Build configuration list for PBXProject "TimePolice" */ = {
			isa = XCConfigurationList;
			buildConfigurations = (
				CBD182D51A08AAD2007BA9F7 /* Debug */,
				CBD182D61A08AAD2007BA9F7 /* Release */,
			);
			defaultConfigurationIsVisible = 0;
			defaultConfigurationName = Debug;
		};
		CBD182D71A08AAD2007BA9F7 /* Build configuration list for PBXNativeTarget "TimePolice" */ = {
			isa = XCConfigurationList;
			buildConfigurations = (
				CBD182D81A08AAD2007BA9F7 /* Debug */,
				CBD182D91A08AAD2007BA9F7 /* Release */,
			);
			defaultConfigurationIsVisible = 0;
			defaultConfigurationName = Debug;
		};
		CBD182DA1A08AAD2007BA9F7 /* Build configuration list for PBXNativeTarget "TimePoliceTests" */ = {
			isa = XCConfigurationList;
			buildConfigurations = (
				CBD182DB1A08AAD2007BA9F7 /* Debug */,
				CBD182DC1A08AAD2007BA9F7 /* Release */,
			);
			defaultConfigurationIsVisible = 0;
			defaultConfigurationName = Debug;
		};
/* End XCConfigurationList section */

/* Begin XCVersionGroup section */
		CBDBCE4C1A88273B00E33072 /* TimePolice.xcdatamodeld */ = {
			isa = XCVersionGroup;
			children = (
				CBDBCE4D1A88273B00E33072 /* TimePolice.xcdatamodel */,
			);
			currentVersion = CBDBCE4D1A88273B00E33072 /* TimePolice.xcdatamodel */;
			path = TimePolice.xcdatamodeld;
			sourceTree = "<group>";
			versionGroupType = wrapper.xcdatamodel;
		};
/* End XCVersionGroup section */
	};
	rootObject = CBD182B01A08AAD2007BA9F7 /* Project object */;
}
